dependencies:
  cybergear-robotics/icm20948:
    component_hash: 716f16b9546ba47575023d3b84306b2d5af0de7f62d0332078820923df14eed4
    dependencies:
    - name: idf
      require: private
      version: '>=5.2'
    source:
      registry_url: https://components.espressif.com/
      type: service
    version: 0.1.0
  espressif/cjson:
    component_hash: e788323270d90738662d66fffa910bfe1fba019bba087f01557e70c40485b469
    dependencies:
    - name: idf
      require: private
      version: '>=5.0'
    source:
      registry_url: https://components.espressif.com/
      type: service
    version: 1.7.19~2
  idf:
    source:
      type: idf
    version: 6.0.2
direct_dependencies:
- cybergear-robotics/icm20948
- espressif/cjson
manifest_hash: 1d09bf7fcbe1efcfc2c22c10b6d1b169fa52fc3fbbcaccaacc5af280390f44ce
target: esp32
version: 3.0.0
