dependencies:
  espressif/cjson:
    component_hash: e788323270d90738662d66fffa910bfe1fba019bba087f01557e70c40485b469
    dependencies:
    - name: idf
      require: private
      version: '>=5.0'
    source:
      registry_url: https://components.espressif.com/
      type: service
    version: 1.7.19~2
  gopmur/icm20948:
    component_hash: 606631cb4765822f06e2959c8143f16289e56d3df307a562f87ddbf8b0b01351
    dependencies:
    - name: idf
      require: private
      version: '>=6.0'
    source:
      registry_url: https://components.espressif.com/
      type: service
    version: 1.0.1
  idf:
    source:
      type: idf
    version: 6.0.2
  jaythread:
    dependencies: []
    source:
      path: ../../../repos/self/jaythread
      type: local
    version: 1.2.0
direct_dependencies:
- espressif/cjson
- gopmur/icm20948
- jaythread
manifest_hash: 9fc79d597727ef3147776366720dcd3a810fb6954b3fd8f210e305a46d43e64e
target: esp32
version: 3.0.0
