dependencies:
  espressif/cjson:
    component_hash: e788323270d90738662d66fffa910bfe1fba019bba087f01557e70c40485b469
    dependencies:
    - name: idf
      require: private
      version: '>=5.0'
    source:
      registry_url: https://components.espressif.com
      type: service
    version: 1.7.19~2
  gopmur/icm20948:
    component_hash: 606631cb4765822f06e2959c8143f16289e56d3df307a562f87ddbf8b0b01351
    dependencies:
    - name: idf
      require: private
      version: '>=6.0'
    source:
      registry_url: https://components.espressif.com/
      type: service
    version: 1.0.1
  gopmur/jayson:
    component_hash: fcc77a79eff3ae58c246f3c26245069601da0a3a2b03cf1d413587d90542ea46
    dependencies:
    - name: espressif/cjson
      registry_url: https://components.espressif.com
      require: private
      version: ^1.7.18
    source:
      registry_url: https://components.espressif.com/
      type: service
    version: 1.0.0
  gopmur/jaythread:
    component_hash: c7168ee8a5379b39483d8a4a925f19984cd75c19128cdb9acfbd53e2c67a87ec
    dependencies: []
    source:
      registry_url: https://components.espressif.com/
      type: service
    version: 1.2.2
  idf:
    source:
      type: idf
    version: 6.0.2
direct_dependencies:
- gopmur/icm20948
- gopmur/jayson
- gopmur/jaythread
manifest_hash: 895f6d509d92c892571b6df681993b37703740491a90664d16416d7ce68c622f
target: esp32
version: 3.0.0
